github.com/aws/aws-sdk-go-v2 v1.41.12 h1:DIKX2c31ekm9RA2D9FBj1EWXx++9AdAqRw+e78Tq2Ck=
github.com/aws/aws-sdk-go-v2 v1.41.12/go.mod h1:27+ACypSLljLAEKsCYOmrjKh83vuTRkuAe9Uv/3A4bg=
github.com/aws/aws-sdk-go-v2/config v1.32.17 h1:FpL4/758/diKwqbytU0prpuiu60fgXKUWCpDJtApclU=
github.com/aws/aws-sdk-go-v2/config v1.32.17/go.mod h1:OXqUMzgXytfoF9JaKkhrOYsyh72t9G+MJH8mMRaexOE=
github.com/aws/aws-sdk-go-v2/credentials v1.19.16 h1:r3RJBuU7X9ibt8RHbMjWE6y60QbKBiII6wSrXnapxSU=
github.com/aws/aws-sdk-go-v2/credentials v1.19.16/go.mod h1:6cx7zqDENJDbBIIWX6P8s0h6hqHC8Avbjh9Dseo27ug=
github.com/aws/aws-sdk-go-v2/feature/ec2/imds v1.18.23 h1:UuSfcORqNSz/ey3VPRS8TcVH2Ikf0/sC+Hdj400QI6U=
github.com/aws/aws-sdk-go-v2/feature/ec2/imds v1.18.23/go.mod h1:+G/OSGiOFnSOkYloKj/9M35s74LgVAdJBSD5lsFfqKg=
github.com/aws/aws-sdk-go-v2/internal/configsources v1.4.28 h1:Xf2j7NdVcUKomlZ4iihOP4AZ3Fzlr8h4yKpXeP+OFPg=
github.com/aws/aws-sdk-go-v2/internal/configsources v1.4.28/go.mod h1:O8cDo1dW63jU7ki//kRe1z+tLGcpnD1jrouitsQddDw=
github.com/aws/aws-sdk-go-v2/internal/endpoints/v2 v2.7.28 h1:KqIfN9kpkKkcBqBbNpNGTIrXO6ExTUvFKvXkC+YAzVo=
github.com/aws/aws-sdk-go-v2/internal/endpoints/v2 v2.7.28/go.mod h1:uxtQiKvLtNS4iXVsH2McVD/ls8FKN/uUhe1hGxPjrw0=
github.com/aws/aws-sdk-go-v2/internal/v4a v1.4.24 h1:OQqn11BtaYv1WLUowvcA30MpzIu8Ti4pcLPIIyoKZrA=
github.com/aws/aws-sdk-go-v2/internal/v4a v1.4.24/go.mod h1:X5ZJyfwVrWA96GzPmUCWFQaEARPR7gCrpq2E92PJwAE=
github.com/aws/aws-sdk-go-v2/service/internal/accept-encoding v1.13.9 h1:FLudkZLt5ci0ozzgkVo8BJGwvqNaZbTWb3UcucAateA=
github.com/aws/aws-sdk-go-v2/service/internal/accept-encoding v1.13.9/go.mod h1:w7wZ/s9qK7c8g4al+UyoF1Sp/Z45UwMGcqIzLWVQHWk=
github.com/aws/aws-sdk-go-v2/service/internal/presigned-url v1.13.23 h1:pbrxO/kuIwgEsOPLkaHu0O+m4fNgLU8B3vxQ+72jTPw=
github.com/aws/aws-sdk-go-v2/service/internal/presigned-url v1.13.23/go.mod h1:/CMNUqoj46HpS3MNRDEDIwcgEnrtZlKRaHNaHxIFpNA=
github.com/aws/aws-sdk-go-v2/service/kms v1.53.3 h1:X0Kb55BNFOpaRHBQWnUIQCs6+4kixloGDYppaq0BO2s=
github.com/aws/aws-sdk-go-v2/service/kms v1.53.3/go.mod h1:tlJhRqwP49jatVF/KivCKd139NAnn6KTvRjHIBN7E5Y=
github.com/aws/aws-sdk-go-v2/service/signin v1.0.11 h1:TdJ+HdzOBhU8+iVAOGUTU63VXopcumCOF1paFulHWZc=
github.com/aws/aws-sdk-go-v2/service/signin v1.0.11/go.mod h1:R82ZRExE/nheo0N+T8zHPcLRTcH8MGsnR3BiVGX0TwI=
github.com/aws/aws-sdk-go-v2/service/sso v1.30.17 h1:7byT8HUWrgoRp6sXjxtZwgOKfhss5fW6SkLBtqzgRoE=
github.com/aws/aws-sdk-go-v2/service/sso v1.30.17/go.mod h1:xNWknVi4Ezm1vg1QsB/5EWpAJURq22uqd38U8qKvOJc=
github.com/aws/aws-sdk-go-v2/service/ssooidc v1.35.21 h1:+1Kl1zx6bWi4X7cKi3VYh29h8BvsCoHQEQ6ST9X8w7w=
github.com/aws/aws-sdk-go-v2/service/ssooidc v1.35.21/go.mod h1:4vIRDq+CJB2xFAXZ+YgGUTiEft7oAQlhIs71xcSeuVg=
github.com/aws/aws-sdk-go-v2/service/sts v1.42.1 h1:F/M5Y9I3nwr2IEpshZgh1GeHpOItExNM9L1euNuh/fk=
github.com/aws/aws-sdk-go-v2/service/sts v1.42.1/go.mod h1:mTNxImtovCOEEuD65mKW7DCsL+2gjEH+RPEAexAzAio=
github.com/aws/smithy-go v1.27.1 h1:4T340VFndXtADGF52gYa1POyL7s9E4Z1OeZ1hCscIw8=
github.com/aws/smithy-go v1.27.1/go.mod h1:YE2RhdIuDbA5E5bTdciG9KrW3+TiEONeUWCqxX9i1Fc=
github.com/cenkalti/backoff/v4 v4.3.0 h1:MyRJ/UdXutAwSAT+s3wNd7MfTIcy71VQueUuFK343L8=
github.com/cenkalti/backoff/v4 v4.3.0/go.mod h1:Y3VNntkOUPxTVeUxJ/G5vcM//AlwfmyYozVcomhLiZE=
github.com/cespare/xxhash/v2 v2.3.0 h1:UL815xU9SqsFlibzuggzjXhog7bL6oX9BbNZnL2UFvs=
github.com/cespare/xxhash/v2 v2.3.0/go.mod h1:VGX0DQ3Q6kWi7AoAeZDth3/j3BFtOZR5XLFGgcrjCOs=
github.com/creack/pty v1.1.9/go.mod h1:oKZEueFk5CKHvIhNR5MUki03XCEU+Q6VDXinZuGJ33E=
github.com/davecgh/go-spew v1.1.1/go.mod h1:J7Y8YcW2NihsgmVo/mv3lAwl/skON4iLHjSsI+c5H38=
github.com/davecgh/go-spew v1.1.2-0.20180830191138-d8f796af33cc h1:U9qPSI2PIWSS1VwoXQT9A3Wy9MM3WgvqSxFWenqJduM=
github.com/davecgh/go-spew v1.1.2-0.20180830191138-d8f796af33cc/go.mod h1:J7Y8YcW2NihsgmVo/mv3lAwl/skON4iLHjSsI+c5H38=
github.com/dgraph-io/ristretto v0.2.0 h1:XAfl+7cmoUDWW/2Lx8TGZQjjxIQ2Ley9DSf52dru4WE=
github.com/dgraph-io/ristretto v0.2.0/go.mod h1:8uBHCU/PBV4Ag0CJrP47b9Ofby5dqWNh4FicAdoqFNU=
github.com/dgryski/go-farm v0.0.0-20200201041132-a6ae2369ad13 h1:fAjc9m62+UWV/WAFKLNi6ZS0675eEUC9y3AlwSbQu1Y=
github.com/dgryski/go-farm v0.0.0-20200201041132-a6ae2369ad13/go.mod h1:SqUrOPUnsFjfmXRMNPybcSiG0BgUW2AuFH8PAnS2iTw=
github.com/dustin/go-humanize v1.0.1 h1:GzkhY7T5VNhEkwH0PVJgjz+fX1rhBrR7pRT3mDkpeCY=
github.com/dustin/go-humanize v1.0.1/go.mod h1:Mu1zIs6XwVuF/gI1OepvI0qD18qycQx+mFykh5fBlto=
github.com/fatih/color v1.19.0 h1:Zp3PiM21/9Ld6FzSKyL5c/BULoe/ONr9KlbYVOfG8+w=
github.com/fatih/color v1.19.0/go.mod h1:zNk67I0ZUT1bEGsSGyCZYZNrHuTkJJB+r6Q9VuMi0LE=
github.com/go-jose/go-jose/v4 v4.1.4 h1:moDMcTHmvE6Groj34emNPLs/qtYXRVcd6S7NHbHz3kA=
github.com/go-jose/go-jose/v4 v4.1.4/go.mod h1:x4oUasVrzR7071A4TnHLGSPpNOm2a21K9Kf04k1rs08=
github.com/go-test/deep v1.1.1 h1:0r/53hagsehfO4bzD2Pgr/+RgHqhmf+k1Bpse2cTu1U=
github.com/go-test/deep v1.1.1/go.mod h1:5C2ZWiW0ErCdrYzpqxLbTX7MG14M9iiw8DgHncVwcsE=
github.com/hashicorp/errwrap v1.0.0/go.mod h1:YH+1FKiLXxHSkmPseP+kNlulaMuP3n2brvKWEqk/Jc4=
github.com/hashicorp/errwrap v1.1.0 h1:OxrOeh75EUXMY8TBjag2fzXGZ40LB6IKw45YeGUDY2I=
github.com/hashicorp/errwrap v1.1.0/go.mod h1:YH+1FKiLXxHSkmPseP+kNlulaMuP3n2brvKWEqk/Jc4=
github.com/hashicorp/go-cleanhttp v0.5.2 h1:035FKYIWjmULyFRBKPs8TBQoi0x6d9G4xc9neXJWAZQ=
github.com/hashicorp/go-cleanhttp v0.5.2/go.mod h1:kO/YDlP8L1346E6Sodw+PrpBSV4/SoxCXGY6BqNFT48=
github.com/hashicorp/go-hclog v1.6.3 h1:Qr2kF+eVWjTiYmU7Y31tYlP1h0q/X3Nl3tPGdaB11/k=
github.com/hashicorp/go-hclog v1.6.3/go.mod h1:W4Qnvbt70Wk/zYJryRzDRU/4r0kIg0PVHBcfoyhpF5M=
github.com/hashicorp/go-multierror v1.1.1 h1:H5DkEtf6CXdFp0N0Em5UCwQpXMWke8IA0+lD48awMYo=
github.com/hashicorp/go-multierror v1.1.1/go.mod h1:iw975J/qwKPdAO1clOe2L8331t/9/fmwbPZ6JB6eMoM=
github.com/hashicorp/go-retryablehttp v0.7.8 h1:ylXZWnqa7Lhqpk0L1P1LzDtGcCR0rPVUrx/c8Unxc48=
github.com/hashicorp/go-retryablehttp v0.7.8/go.mod h1:rjiScheydd+CxvumBsIrFKlx3iS0jrZ7LvzFGFmuKbw=
github.com/hashicorp/go-rootcerts v1.0.2 h1:jzhAVGtqPKbwpyCPELlgNWhE1znq+qwJtW5Oi2viEzc=
github.com/hashicorp/go-rootcerts v1.0.2/go.mod h1:pqUvnprVnM5bf7AOirdbb01K4ccR319Vf4pU3K5EGc8=
github.com/hashicorp/go-secure-stdlib/parseutil v0.2.0 h1:U+kC2dOhMFQctRfhK0gRctKAPTloZdMU5ZJxaesJ/VM=
github.com/hashicorp/go-secure-stdlib/parseutil v0.2.0/go.mod h1:Ll013mhdmsVDuoIXVfBtvgGJsXDYkTw1kooNcoCXuE0=
github.com/hashicorp/go-secure-stdlib/strutil v0.1.2 h1:kes8mmyCpxJsI7FTwtzRqEy9CdjCtrXrXGuOpxEA7Ts=
github.com/hashicorp/go-secure-stdlib/strutil v0.1.2/go.mod h1:Gou2R9+il93BqX25LAKCLuM+y9U2T4hlwvT1yprcna4=
github.com/hashicorp/go-sockaddr v1.0.7 h1:G+pTkSO01HpR5qCxg7lxfsFEZaG+C0VssTy/9dbT+Fw=
github.com/hashicorp/go-sockaddr v1.0.7/go.mod h1:FZQbEYa1pxkQ7WLpyXJ6cbjpT8q0YgQaK/JakXqGyWw=
github.com/hashicorp/hcl v1.0.1-vault-7 h1:ag5OxFVy3QYTFTJODRzTKVZ6xvdfLLCA1cy/Y6xGI0I=
github.com/hashicorp/hcl v1.0.1-vault-7/go.mod h1:XYhtn6ijBSAj6n4YqAaf7RBPS4I06AItNorpy+MoQNM=
github.com/hashicorp/vault/api v1.23.0 h1:gXgluBsSECfRWTSW9niY2jwg2e9mMJc4WoHNv4g3h6A=
github.com/hashicorp/vault/api v1.23.0/go.mod h1:zransKiB9ftp+kgY8ydjnvCU7Wk8i9L0DYWpXeMj9ko=
github.com/jackc/pgpassfile v1.0.0 h1:/6Hmqy13Ss2zCq62VdNG8tM1wchn8zjSGOBJ6icpsIM=
github.com/jackc/pgpassfile v1.0.0/go.mod h1:CEx0iS5ambNFdcRtxPj5JhEz+xB6uRky5eyVu/W2HEg=
github.com/jackc/pgservicefile v0.0.0-20240606120523-5a60cdf6a761 h1:iCEnooe7UlwOQYpKFhBabPMi4aNAfoODPEFNiAnClxo=
github.com/jackc/pgservicefile v0.0.0-20240606120523-5a60cdf6a761/go.mod h1:5TJZWKEWniPve33vlWYSoGYefn3gLQRzjfDlhSJ9ZKM=
github.com/jackc/pgx/v5 v5.9.2 h1:3ZhOzMWnR4yJ+RW1XImIPsD1aNSz4T4fyP7zlQb56hw=
github.com/jackc/pgx/v5 v5.9.2/go.mod h1:mal1tBGAFfLHvZzaYh77YS/eC6IX9OWbRV1QIIM0Jn4=
github.com/jackc/puddle/v2 v2.2.2 h1:PR8nw+E/1w0GLuRFSmiioY6UooMp6KJv0/61nB7icHo=
github.com/jackc/puddle/v2 v2.2.2/go.mod h1:vriiEXHvEE654aYKXXjOvZM39qJ0q+azkZFrfEOc3H4=
github.com/jinzhu/inflection v1.0.0 h1:K317FqzuhWc8YvSVlFMCCUb36O/S9MCKRDI7QkRKD/E=
github.com/jinzhu/inflection v1.0.0/go.mod h1:h+uFLlag+Qp1Va5pdKtLDYj+kHp5pxUVkryuEj+Srlc=
github.com/jinzhu/now v1.1.5 h1:/o9tlHleP7gOFmsnYNz3RGnqzefHA47wQpKrrdTIwXQ=
github.com/jinzhu/now v1.1.5/go.mod h1:d3SSVoowX0Lcu0IBviAWJpolVfI5UJVZZ7cO71lE/z8=
github.com/kr/pretty v0.3.1 h1:flRD4NNwYAUpkphVc1HcthR4KEIFJ65n8Mw5qdRn3LE=
github.com/kr/pretty v0.3.1/go.mod h1:hoEshYVHaxMs3cyo3Yncou5ZscifuDolrwPKZanG3xk=
github.com/kr/text v0.2.0 h1:5Nx0Ya0ZqY2ygV366QzturHI13Jq95ApcVaJBhpS+AY=
github.com/kr/text v0.2.0/go.mod h1:eLer722TekiGuMkidMxC/pM04lWEeraHUUmBw8l2grE=
github.com/mattn/go-colorable v0.1.14 h1:9A9LHSqF/7dyVVX6g0U9cwm9pG3kP9gSzcuIPHPsaIE=
github.com/mattn/go-colorable v0.1.14/go.mod h1:6LmQG8QLFO4G5z1gPvYEzlUgJ2wF+stgPZH1UqBm1s8=
github.com/mattn/go-isatty v0.0.20 h1:xfD0iDuEKnDkl03q4limB+vH+GxLEtL/jb4xVJSWWEY=
github.com/mattn/go-isatty v0.0.20/go.mod h1:W+V8PltTTMOvKvAeJH7IuucS94S2C6jfK/D7dTCTo3Y=
github.com/mattn/go-sqlite3 v1.14.22 h1:2gZY6PC6kBnID23Tichd1K+Z0oS6nE/XwU+Vz/5o4kU=
github.com/mattn/go-sqlite3 v1.14.22/go.mod h1:Uh1q+B4BYcTPb+yiD3kU8Ct7aC0hY9fxUwlHK0RXw+Y=
github.com/mitchellh/go-homedir v1.1.0 h1:lukF9ziXFxDFPkA1vsr5zpc1XuPDn/wFntq5mG+4E0Y=
github.com/mitchellh/go-homedir v1.1.0/go.mod h1:SfyaCUpYCn1Vlf4IUYiD9fPX4A5wJrkLzIz1N1q0pr0=
github.com/mitchellh/mapstructure v1.5.0 h1:jeMsZIYE/09sWLaz43PL7Gy6RuMjD2eJVyuac5Z2hdY=
github.com/mitchellh/mapstructure v1.5.0/go.mod h1:bFUtVrKA4DC2yAKiSyO/QUcy7e+RRV2QTWOzhPopBRo=
github.com/pkg/diff v0.0.0-20210226163009-20ebb0f2a09e/go.mod h1:pJLUxLENpZxwdsKMEsNbx1VGcRFpLqf3715MtcvvzbA=
github.com/pkg/errors v0.9.1 h1:FEBLx1zS214owpjy7qsBeixbURkuhQAwrK5UwLGTwt4=
github.com/pkg/errors v0.9.1/go.mod h1:bwawxfHBFNV+L2hUp1rHADufV3IMtnDRdf1r5NINEl0=
github.com/pmezard/go-difflib v1.0.1-0.20181226105442-5d4384ee4fb2 h1:Jamvg5psRIccs7FGNTlIRMkT8wgtp5eCXdBlqhYGL6U=
github.com/pmezard/go-difflib v1.0.1-0.20181226105442-5d4384ee4fb2/go.mod h1:iKH77koFhYxTK1pcRnkKkqfTogsbg7gZNVY4sRDYZ/4=
github.com/rogpeppe/go-internal v1.9.0 h1:73kH8U+JUqXU8lRuOHeVHaa/SZPifC7BkcraZVejAe8=
github.com/rogpeppe/go-internal v1.9.0/go.mod h1:WtVeX8xhTBvf0smdhujwtBcq4Qrzq/fJaraNFVN+nFs=
github.com/ryanuber/go-glob v1.0.0 h1:iQh3xXAumdQ+4Ufa5b25cRpC5TYKlno6hsv6Cb3pkBk=
github.com/ryanuber/go-glob v1.0.0/go.mod h1:807d1WSdnB0XRJzKNil9Om6lcp/3a0v4qIHxIXzX/Yc=
github.com/stretchr/testify v1.11.1 h1:7s2iGBzp5EwR7/aIZr8ao5+dra3wiQyKjjFuvgVKu7U=
github.com/stretchr/testify v1.11.1/go.mod h1:wZwfW3scLgRK+23gO65QZefKpKQRnfz6sD981Nm4B6U=
golang.org/x/net v0.54.0 h1:2zJIZAxAHV/OHCDTCOHAYehQzLfSXuf/5SoL/Dv6w/w=
golang.org/x/net v0.54.0/go.mod h1:Sj4oj8jK6XmHpBZU/zWHw3BV3abl4Kvi+Ut7cQcY+cQ=
golang.org/x/sync v0.20.0 h1:e0PTpb7pjO8GAtTs2dQ6jYa5BWYlMuX047Dco/pItO4=
golang.org/x/sync v0.20.0/go.mod h1:9xrNwdLfx4jkKbNva9FpL6vEN7evnE43NNNJQ2LF3+0=
golang.org/x/sys v0.44.0 h1:ildZl3J4uzeKP07r2F++Op7E9B29JRUy+a27EibtBTQ=
golang.org/x/sys v0.44.0/go.mod h1:4GL1E5IUh+htKOUEOaiffhrAeqysfVGipDYzABqnCmw=
golang.org/x/text v0.37.0 h1:Cqjiwd9eSg8e0QAkyCaQTNHFIIzWtidPahFWR83rTrc=
golang.org/x/text v0.37.0/go.mod h1:a5sjxXGs9hsn/AJVwuElvCAo9v8QYLzvavO5z2PiM38=
golang.org/x/time v0.15.0 h1:bbrp8t3bGUeFOx08pvsMYRTCVSMk89u4tKbNOZbp88U=
golang.org/x/time v0.15.0/go.mod h1:Y4YMaQmXwGQZoFaVFk4YpCt4FLQMYKZe9oeV/f4MSno=
gopkg.in/check.v1 v0.0.0-20161208181325-20d25e280405/go.mod h1:Co6ibVJAznAaIkqp8huTwlJQCZ016jof/cbN4VW5Yz0=
gopkg.in/check.v1 v1.0.0-20201130134442-10cb98267c6c h1:Hei/4ADfdWqJk1ZMxUNpqntNwaWcugrBjAiHlqqRiVk=
gopkg.in/check.v1 v1.0.0-20201130134442-10cb98267c6c/go.mod h1:JHkPIbrfpd72SG/EVd6muEfDQjcINNoR0C8j2r3qZ4Q=
gopkg.in/yaml.v3 v3.0.1 h1:fxVm/GzAzEWqLHuvctI91KS9hhNmmWOoWu0XTYJS7CA=
gopkg.in/yaml.v3 v3.0.1/go.mod h1:K4uyk7z7BCEPqu6E+C64Yfv1cQ7kz7rIZviUmN+EgEM=
gorm.io/driver/sqlite v1.6.0 h1:WHRRrIiulaPiPFmDcod6prc4l2VGVWHz80KspNsxSfQ=
gorm.io/driver/sqlite v1.6.0/go.mod h1:AO9V1qIQddBESngQUKWL9yoH93HIeA1X6V633rBwyT8=
gorm.io/gorm v1.31.1 h1:7CA8FTFz/gRfgqgpeKIBcervUn3xSyPUmr6B2WXJ7kg=
gorm.io/gorm v1.31.1/go.mod h1:XyQVbO2k6YkOis7C2437jSit3SsDK72s7n7rsSHd+Gs=
